
Microsoft Visual Studio Solution File, Format Version 12.00
# Visual Studio Version 17
VisualStudioVersion = 17.3.32819.101
MinimumVisualStudioVersion = 10.0.40219.1
Project("{FAE04EC0-301F-11D3-BF4B-00C04F79EFBC}") = "Potolki", "Potolki\Potolki.csproj", "{D62ABB25-3798-4185-8792-C5CBB985433E}"
EndProject
Project("{FAE04EC0-301F-11D3-BF4B-00C04F79EFBC}") = "UnitTest", "UnitTest\UnitTest.csproj", "{F057BDCE-4A7F-405A-8E6E-D6AE190C251F}"
EndProject
Global
	GlobalSection(SolutionConfigurationPlatforms) = preSolution
		Debug|Any CPU = Debug|Any CPU
		Release|Any CPU = Release|Any CPU
	EndGlobalSection
	GlobalSection(ProjectConfigurationPlatforms) = postSolution
		{D62ABB25-3798-4185-8792-C5CBB985433E}.Debug|Any CPU.ActiveCfg = Debug|Any CPU
		{D62ABB25-3798-4185-8792-C5CBB985433E}.Debug|Any CPU.Build.0 = Debug|Any CPU
		{D62ABB25-3798-4185-8792-C5CBB985433E}.Release|Any CPU.ActiveCfg = Release|Any CPU
		{D62ABB25-3798-4185-8792-C5CBB985433E}.Release|Any CPU.Build.0 = Release|Any CPU
		{F057BDCE-4A7F-405A-8E6E-D6AE190C251F}.Debug|Any CPU.ActiveCfg = Debug|Any CPU
		{F057BDCE-4A7F-405A-8E6E-D6AE190C251F}.Debug|Any CPU.Build.0 = Debug|Any CPU
		{F057BDCE-4A7F-405A-8E6E-D6AE190C251F}.Release|Any CPU.ActiveCfg = Release|Any CPU
		{F057BDCE-4A7F-405A-8E6E-D6AE190C251F}.Release|Any CPU.Build.0 = Release|Any CPU
	EndGlobalSection
	GlobalSection(SolutionProperties) = preSolution
		HideSolutionNode = FALSE
	EndGlobalSection
	GlobalSection(ExtensibilityGlobals) = postSolution
		SolutionGuid = {8B2C3164-BD7E-472C-8BFE-045DA1D6E784}
	EndGlobalSection
EndGlobal
